{
  "originHash" : "8fc1b35bebdd41bdc60828f0c717eb35252f90365bd952c841a0487e85688b1e",
  "pins" : [
    {
      "identity" : "galactic",
      "kind" : "remoteSourceControl",
      "location" : "https://github.com/kellyredding/Galactic.git",
      "state" : {
        "revision" : "a955f65402dc37ce1b848d5dff33f7b91d59ee17",
        "version" : "0.1.0"
      }
    },
    {
      "identity" : "swift-argument-parser",
      "kind" : "remoteSourceControl",
      "location" : "https://github.com/apple/swift-argument-parser",
      "state" : {
        "revision" : "5e0406d68a4937f21ae5f670b8f89dad1d156a1c",
        "version" : "1.8.0"
      }
    },
    {
      "identity" : "swift-cmark",
      "kind" : "remoteSourceControl",
      "location" : "https://github.com/swiftlang/swift-cmark.git",
      "state" : {
        "revision" : "924936d0427cb25a61169739a7660230bffa6ea6",
        "version" : "0.8.0"
      }
    },
    {
      "identity" : "swift-markdown",
      "kind" : "remoteSourceControl",
      "location" : "https://github.com/swiftlang/swift-markdown.git",
      "state" : {
        "revision" : "3c6f9523da3a1ec2fd829673e472d95b8097a3b8",
        "version" : "0.8.0"
      }
    },
    {
      "identity" : "swiftterm",
      "kind" : "remoteSourceControl",
      "location" : "https://github.com/kellyredding/SwiftTerm.git",
      "state" : {
        "revision" : "3595fde9daa154bf2e81383aa181e04f047db7ab",
        "version" : "1.13.0-galactic.4"
      }
    }
  ],
  "version" : 3
}
