{
  "originHash" : "8fc1b35bebdd41bdc60828f0c717eb35252f90365bd952c841a0487e85688b1e",
  "pins" : [
    {
      "identity" : "galactic",
      "kind" : "remoteSourceControl",
      "location" : "https://github.com/kellyredding/Galactic.git",
      "state" : {
        "revision" : "e7eb552103f750ee7cb758031c795b0e8f50183b",
        "version" : "0.9.0"
      }
    },
    {
      "identity" : "swift-argument-parser",
      "kind" : "remoteSourceControl",
      "location" : "https://github.com/apple/swift-argument-parser",
      "state" : {
        "revision" : "6a52f3251125d74daf04fcbd5e6f08a75d074382",
        "version" : "1.8.2"
      }
    },
    {
      "identity" : "swift-cmark",
      "kind" : "remoteSourceControl",
      "location" : "https://github.com/swiftlang/swift-cmark.git",
      "state" : {
        "revision" : "924936d0427cb25a61169739a7660230bffa6ea6",
        "version" : "0.8.0"
      }
    },
    {
      "identity" : "swift-markdown",
      "kind" : "remoteSourceControl",
      "location" : "https://github.com/swiftlang/swift-markdown.git",
      "state" : {
        "revision" : "3c6f9523da3a1ec2fd829673e472d95b8097a3b8",
        "version" : "0.8.0"
      }
    },
    {
      "identity" : "swiftterm",
      "kind" : "remoteSourceControl",
      "location" : "https://github.com/kellyredding/SwiftTerm.git",
      "state" : {
        "revision" : "32cd62c6df40a68e5cbf6378eff4670da525a651",
        "version" : "1.13.0-galactic.12"
      }
    }
  ],
  "version" : 3
}
