// !$*UTF8*$!
{
	archiveVersion = 1;
	classes = {
	};
	objectVersion = 77;
	objects = {

/* Begin PBXBuildFile section */
		0382B41CACCDA9E37EBABA4C /* ContentView.swift in Sources */ = {isa = PBXBuildFile; fileRef = 922A89B10E14E165A50C1F4F /* ContentView.swift */; };
		09CDA5203DCF9553E640C102 /* AnnotationHTMLVisitor.swift in Sources */ = {isa = PBXBuildFile; fileRef = BB1BD0B12AE09B3D09B6EE03 /* AnnotationHTMLVisitor.swift */; };
		21BC314DAABC67786341621F /* ExpandedSessionSidebar.swift in Sources */ = {isa = PBXBuildFile; fileRef = 0B33E9ACBBBDE22688F8D808 /* ExpandedSessionSidebar.swift */; };
		287B04EB0B71772D4E0594CD /* SessionIDGenerator.swift in Sources */ = {isa = PBXBuildFile; fileRef = EA542FF52DF4733279284AB3 /* SessionIDGenerator.swift */; };
		2BC2B13218D48BB00EEF761B /* EventCoordinator.swift in Sources */ = {isa = PBXBuildFile; fileRef = 0663E09051C220DBD5E80CD2 /* EventCoordinator.swift */; };
		38C56F31253D082C87C20D6D /* PersonaPicker.swift in Sources */ = {isa = PBXBuildFile; fileRef = 5B94034611483F6B08D6C02B /* PersonaPicker.swift */; };
		3F6C193D5824A2FC5BDB2792 /* StatusLineService.swift in Sources */ = {isa = PBXBuildFile; fileRef = 5702E8641291E687147723FD /* StatusLineService.swift */; };
		3FCE06C0F8AE9134D99D090A /* TerminalView.swift in Sources */ = {isa = PBXBuildFile; fileRef = DCE6073F39BD2A2E08FD007F /* TerminalView.swift */; };
		45502A30E76464D22AB37E82 /* LedgerIdentifiersView.swift in Sources */ = {isa = PBXBuildFile; fileRef = CF05B1CBD2C3553B1FCBA500 /* LedgerIdentifiersView.swift */; };
		4654E5243D23D2B9C9E3F183 /* LedgerFilesView.swift in Sources */ = {isa = PBXBuildFile; fileRef = AB66259FCA486462B2373B6A /* LedgerFilesView.swift */; };
		487179062AB63CC1EBAD20CB /* Assets.xcassets in Resources */ = {isa = PBXBuildFile; fileRef = 8930E8F0C6702946D87082BD /* Assets.xcassets */; };
		4CD689921E9F3C467D5A532C /* SessionStatusDot.swift in Sources */ = {isa = PBXBuildFile; fileRef = 4A2B8AABAEE680386E0753B7 /* SessionStatusDot.swift */; };
		4F20E648BBD3A845F21F64BB /* LedgerQueryService.swift in Sources */ = {isa = PBXBuildFile; fileRef = 352D8EE51F82B2AC7CD44C73 /* LedgerQueryService.swift */; };
		55C2F61C9B63ACCE613CBC37 /* SettingsView.swift in Sources */ = {isa = PBXBuildFile; fileRef = F0269FFB63DF2EC261DC5B6A /* SettingsView.swift */; };
		5726799F4CAC18544C8FB957 /* SessionRow.swift in Sources */ = {isa = PBXBuildFile; fileRef = 930CA7E2539E197A2DF03CE4 /* SessionRow.swift */; };
		57F83F8FAFBFC9B625678AE5 /* PreferencesWindowController.swift in Sources */ = {isa = PBXBuildFile; fileRef = 2E9CD7B5767024AE0C85E433 /* PreferencesWindowController.swift */; };
		59C4461354F92AEF376C88AA /* DragHandleNSView.swift in Sources */ = {isa = PBXBuildFile; fileRef = 43C2EE51F5ED8F5A44D27580 /* DragHandleNSView.swift */; };
		5BE31FF52EF968E62B31F97C /* CircuitBreaker.swift in Sources */ = {isa = PBXBuildFile; fileRef = 3463B095E6622E31AF317063 /* CircuitBreaker.swift */; };
		64AB450ECD5FB1FF3D5E16EB /* EnrichmentService.swift in Sources */ = {isa = PBXBuildFile; fileRef = 260E4993B113CBAABADA519B /* EnrichmentService.swift */; };
		69C769B61E2BA6F9BD8DA6FB /* MainWindowController.swift in Sources */ = {isa = PBXBuildFile; fileRef = CEB9F0C617C86CE1FDD05FF3 /* MainWindowController.swift */; };
		6DBFAC1175B99C54309DF19A /* SessionPersistence.swift in Sources */ = {isa = PBXBuildFile; fileRef = BAEF4E4E06E2AD409BFED23F /* SessionPersistence.swift */; };
		71836A132E30E0F8CC17F3D8 /* NotificationService.swift in Sources */ = {isa = PBXBuildFile; fileRef = 37E5B003AFED03C15A13FC2D /* NotificationService.swift */; };
		71E17A427557DEC4A0100B47 /* UnreadIndicator.swift in Sources */ = {isa = PBXBuildFile; fileRef = 19982622D2460FF2F8B4E33B /* UnreadIndicator.swift */; };
		78BA35B8C1445B8FBB3B3F1D /* highlight.min.js in Resources */ = {isa = PBXBuildFile; fileRef = 2E2A600723E28593174AA752 /* highlight.min.js */; };
		7A28B8F016D429863BF35F22 /* TerminalColorTheme.swift in Sources */ = {isa = PBXBuildFile; fileRef = BAD14A629CEF3AA730CD6237 /* TerminalColorTheme.swift */; };
		7FA24AFDBEAAAA19CC64A1E4 /* LedgerEntriesView.swift in Sources */ = {isa = PBXBuildFile; fileRef = C2C9905E81F2549614ADA8EE /* LedgerEntriesView.swift */; };
		82B876DF7C1A77E1A811C62A /* EventEnvelope.swift in Sources */ = {isa = PBXBuildFile; fileRef = FBD7729C400FAFC8E4EFFE94 /* EventEnvelope.swift */; };
		830B36A8A4CD211AC3DF03F3 /* main.swift in Sources */ = {isa = PBXBuildFile; fileRef = B9DD26C1047DBD42B5051047 /* main.swift */; };
		84D24F789857F731DB384052 /* LedgerLastActivityView.swift in Sources */ = {isa = PBXBuildFile; fileRef = 3698A7E1AE87120B27E6EFD0 /* LedgerLastActivityView.swift */; };
		8675182D56EEB0ECEB09DAC0 /* Markdown in Frameworks */ = {isa = PBXBuildFile; productRef = 90EB9F42DFBE78AC39BB94CA /* Markdown */; };
		86AAE69F5441679CED101F09 /* MarkdownReaderView.swift in Sources */ = {isa = PBXBuildFile; fileRef = E49CF9BDA2474BE2585001F5 /* MarkdownReaderView.swift */; };
		87FFE54A9802FACDDA0F15D9 /* GalaxyTerminalView.swift in Sources */ = {isa = PBXBuildFile; fileRef = C7704E47DFEE80B330501660 /* GalaxyTerminalView.swift */; };
		88B1D264363994AD24AC8CC6 /* SessionDragCoordinator.swift in Sources */ = {isa = PBXBuildFile; fileRef = EA80B868DED26B32D6DEB65D /* SessionDragCoordinator.swift */; };
		88DE79720988D464B7FF45B0 /* CollapsedSessionSidebar.swift in Sources */ = {isa = PBXBuildFile; fileRef = 9840B2A7E1AAB30A89612AFB /* CollapsedSessionSidebar.swift */; };
		89EE54398E22AEA37B416F21 /* WindowStatePersistence.swift in Sources */ = {isa = PBXBuildFile; fileRef = 899A0FEF2AD224B0D5701B42 /* WindowStatePersistence.swift */; };
		8E316F88952E7A506D8CEC53 /* emoji-data.js in Resources */ = {isa = PBXBuildFile; fileRef = 54F43AFBEA120EE7E58EB3CB /* emoji-data.js */; };
		8FEC7393E89FE983EDCBA419 /* LedgerSuggestedNameView.swift in Sources */ = {isa = PBXBuildFile; fileRef = 1B4449037A4904D32821556A /* LedgerSuggestedNameView.swift */; };
		951191037547FFAFD104A99F /* StoppedSessionView.swift in Sources */ = {isa = PBXBuildFile; fileRef = 2C599534AAFC2570BC5F292A /* StoppedSessionView.swift */; };
		9570B4EFEC53463C1B6A01E5 /* ChromeFontScaling.swift in Sources */ = {isa = PBXBuildFile; fileRef = A43C7742A36C8BAB7C4C6419 /* ChromeFontScaling.swift */; };
		95B87341788CFD115DCAC557 /* GalaxyApp.swift in Sources */ = {isa = PBXBuildFile; fileRef = AFBB4BD044AC373BB324C7F7 /* GalaxyApp.swift */; };
		9A7E8C74C205BD7E4329689D /* MainMenu.swift in Sources */ = {isa = PBXBuildFile; fileRef = D96AFD79CE59690C239E10B5 /* MainMenu.swift */; };
		9AA9CE7723F2ABB70173493D /* SwiftTerm in Frameworks */ = {isa = PBXBuildFile; productRef = 7CE7EDB3AA040F6F2534E97D /* SwiftTerm */; };
		9EBBFFABF0552FDA783CAA6F /* BellIndicatorBehavior.swift in Sources */ = {isa = PBXBuildFile; fileRef = 9C3C1E1CDC72CB3FDF60D346 /* BellIndicatorBehavior.swift */; };
		A20D4EC7B5F8E3D1DDBB8D4E /* SettingsManager.swift in Sources */ = {isa = PBXBuildFile; fileRef = 1C7501DB8ABDB113A9CF35C8 /* SettingsManager.swift */; };
		B1E71F47DE9403A1808277EC /* WatermarkBackground.swift in Sources */ = {isa = PBXBuildFile; fileRef = 6658F001C5C56071EC60514E /* WatermarkBackground.swift */; };
		B319DA9B78048A3DF36BED58 /* LedgerView.swift in Sources */ = {isa = PBXBuildFile; fileRef = B593B1A95489C385D8B403E7 /* LedgerView.swift */; };
		BAA27B33BB1F6834A8BA302A /* LedgerSubTab.swift in Sources */ = {isa = PBXBuildFile; fileRef = 9D4122B312BBDD8690D21C4F /* LedgerSubTab.swift */; };
		BB911698AD4CE425B65FF0E7 /* emoji-autocomplete.js in Resources */ = {isa = PBXBuildFile; fileRef = EA90FB9B45E643E56114F655 /* emoji-autocomplete.js */; };
		C27788ECAC3C2D2A1DA2024E /* GalaxyLog.swift in Sources */ = {isa = PBXBuildFile; fileRef = A5D457946288879168E5D913 /* GalaxyLog.swift */; };
		C3434D97E3E1783843E50797 /* SessionRowDragHandle.swift in Sources */ = {isa = PBXBuildFile; fileRef = E474100EA691402E8DF51F3A /* SessionRowDragHandle.swift */; };
		C72E6931FE46DAAFE486C09E /* Session.swift in Sources */ = {isa = PBXBuildFile; fileRef = F36B97B02F23D9DBF2C2F2E2 /* Session.swift */; };
		C7C58C9749BA5147D39E5B17 /* NewSessionSheetController.swift in Sources */ = {isa = PBXBuildFile; fileRef = A8A53165AE008050CD86AE4F /* NewSessionSheetController.swift */; };
		C81FA322757FF337EF9E18AC /* github-dark.min.css in Resources */ = {isa = PBXBuildFile; fileRef = 571E103D146B34A40CCC6E58 /* github-dark.min.css */; };
		CC27D1B9C8318928AE6187FE /* SocketListener.swift in Sources */ = {isa = PBXBuildFile; fileRef = CA7C61AE6C010B6F8091B0B3 /* SocketListener.swift */; };
		CF2878EF8B56C276182C86A2 /* SessionTab.swift in Sources */ = {isa = PBXBuildFile; fileRef = 132ABF5FFF205D134EED1EE4 /* SessionTab.swift */; };
		D1752B86BB1A44AFB5E75F00 /* EventDebouncer.swift in Sources */ = {isa = PBXBuildFile; fileRef = 1222FD00CE1FBF7DC99BD683 /* EventDebouncer.swift */; };
		D1DBDDFE86F84375BCFD9078 /* SessionManager.swift in Sources */ = {isa = PBXBuildFile; fileRef = 9EB1B25ADB386E0B834FA6B0 /* SessionManager.swift */; };
		D499F472C2F9A6CB0D02D493 /* SnapshotsView.swift in Sources */ = {isa = PBXBuildFile; fileRef = 29344914B2D95B3DADB11F4A /* SnapshotsView.swift */; };
		E4F32D6040F1D92456F3DB5B /* CopyButton.swift in Sources */ = {isa = PBXBuildFile; fileRef = 0A75DD66617BDBF94F9175C9 /* CopyButton.swift */; };
		E5935CB38B847641A8281925 /* DirectoryField.swift in Sources */ = {isa = PBXBuildFile; fileRef = 139EB2F2C31AF6EE70AFECF7 /* DirectoryField.swift */; };
		E94CFE702D0C74AFE0D80B81 /* NewSessionView.swift in Sources */ = {isa = PBXBuildFile; fileRef = BE3DAF1743A20920A57B236D /* NewSessionView.swift */; };
		F19AFC56BBDD37BD92E68719 /* SnapshotQueryService.swift in Sources */ = {isa = PBXBuildFile; fileRef = 4D98BE974E4671D9CFC645BF /* SnapshotQueryService.swift */; };
		F208448C6AAFC6EDFC7FB9E3 /* github.min.css in Resources */ = {isa = PBXBuildFile; fileRef = B23520B930BCE47BABD544FF /* github.min.css */; };
/* End PBXBuildFile section */

/* Begin PBXFileReference section */
		0663E09051C220DBD5E80CD2 /* EventCoordinator.swift */ = {isa = PBXFileReference; lastKnownFileType = sourcecode.swift; path = EventCoordinator.swift; sourceTree = "<group>"; };
		0A75DD66617BDBF94F9175C9 /* CopyButton.swift */ = {isa = PBXFileReference; lastKnownFileType = sourcecode.swift; path = CopyButton.swift; sourceTree = "<group>"; };
		0B33E9ACBBBDE22688F8D808 /* ExpandedSessionSidebar.swift */ = {isa = PBXFileReference; lastKnownFileType = sourcecode.swift; path = ExpandedSessionSidebar.swift; sourceTree = "<group>"; };
		1222FD00CE1FBF7DC99BD683 /* EventDebouncer.swift */ = {isa = PBXFileReference; lastKnownFileType = sourcecode.swift; path = EventDebouncer.swift; sourceTree = "<group>"; };
		132ABF5FFF205D134EED1EE4 /* SessionTab.swift */ = {isa = PBXFileReference; lastKnownFileType = sourcecode.swift; path = SessionTab.swift; sourceTree = "<group>"; };
		139EB2F2C31AF6EE70AFECF7 /* DirectoryField.swift */ = {isa = PBXFileReference; lastKnownFileType = sourcecode.swift; path = DirectoryField.swift; sourceTree = "<group>"; };
		19982622D2460FF2F8B4E33B /* UnreadIndicator.swift */ = {isa = PBXFileReference; lastKnownFileType = sourcecode.swift; path = UnreadIndicator.swift; sourceTree = "<group>"; };
		1B4449037A4904D32821556A /* LedgerSuggestedNameView.swift */ = {isa = PBXFileReference; lastKnownFileType = sourcecode.swift; path = LedgerSuggestedNameView.swift; sourceTree = "<group>"; };
		1C7501DB8ABDB113A9CF35C8 /* SettingsManager.swift */ = {isa = PBXFileReference; lastKnownFileType = sourcecode.swift; path = SettingsManager.swift; sourceTree = "<group>"; };
		1F39F262BB7D593079DE0602 /* GalaxyApp.app */ = {isa = PBXFileReference; explicitFileType = wrapper.application; includeInIndex = 0; path = GalaxyApp.app; sourceTree = BUILT_PRODUCTS_DIR; };
		260E4993B113CBAABADA519B /* EnrichmentService.swift */ = {isa = PBXFileReference; lastKnownFileType = sourcecode.swift; path = EnrichmentService.swift; sourceTree = "<group>"; };
		29344914B2D95B3DADB11F4A /* SnapshotsView.swift */ = {isa = PBXFileReference; lastKnownFileType = sourcecode.swift; path = SnapshotsView.swift; sourceTree = "<group>"; };
		2C599534AAFC2570BC5F292A /* StoppedSessionView.swift */ = {isa = PBXFileReference; lastKnownFileType = sourcecode.swift; path = StoppedSessionView.swift; sourceTree = "<group>"; };
		2E2A600723E28593174AA752 /* highlight.min.js */ = {isa = PBXFileReference; lastKnownFileType = sourcecode.javascript; path = highlight.min.js; sourceTree = "<group>"; };
		2E9CD7B5767024AE0C85E433 /* PreferencesWindowController.swift */ = {isa = PBXFileReference; lastKnownFileType = sourcecode.swift; path = PreferencesWindowController.swift; sourceTree = "<group>"; };
		3463B095E6622E31AF317063 /* CircuitBreaker.swift */ = {isa = PBXFileReference; lastKnownFileType = sourcecode.swift; path = CircuitBreaker.swift; sourceTree = "<group>"; };
		352D8EE51F82B2AC7CD44C73 /* LedgerQueryService.swift */ = {isa = PBXFileReference; lastKnownFileType = sourcecode.swift; path = LedgerQueryService.swift; sourceTree = "<group>"; };
		3698A7E1AE87120B27E6EFD0 /* LedgerLastActivityView.swift */ = {isa = PBXFileReference; lastKnownFileType = sourcecode.swift; path = LedgerLastActivityView.swift; sourceTree = "<group>"; };
		37E5B003AFED03C15A13FC2D /* NotificationService.swift */ = {isa = PBXFileReference; lastKnownFileType = sourcecode.swift; path = NotificationService.swift; sourceTree = "<group>"; };
		43C2EE51F5ED8F5A44D27580 /* DragHandleNSView.swift */ = {isa = PBXFileReference; lastKnownFileType = sourcecode.swift; path = DragHandleNSView.swift; sourceTree = "<group>"; };
		4A2B8AABAEE680386E0753B7 /* SessionStatusDot.swift */ = {isa = PBXFileReference; lastKnownFileType = sourcecode.swift; path = SessionStatusDot.swift; sourceTree = "<group>"; };
		4D98BE974E4671D9CFC645BF /* SnapshotQueryService.swift */ = {isa = PBXFileReference; lastKnownFileType = sourcecode.swift; path = SnapshotQueryService.swift; sourceTree = "<group>"; };
		54F43AFBEA120EE7E58EB3CB /* emoji-data.js */ = {isa = PBXFileReference; lastKnownFileType = sourcecode.javascript; path = "emoji-data.js"; sourceTree = "<group>"; };
		5702E8641291E687147723FD /* StatusLineService.swift */ = {isa = PBXFileReference; lastKnownFileType = sourcecode.swift; path = StatusLineService.swift; sourceTree = "<group>"; };
		571E103D146B34A40CCC6E58 /* github-dark.min.css */ = {isa = PBXFileReference; lastKnownFileType = text.css; path = "github-dark.min.css"; sourceTree = "<group>"; };
		5B94034611483F6B08D6C02B /* PersonaPicker.swift */ = {isa = PBXFileReference; lastKnownFileType = sourcecode.swift; path = PersonaPicker.swift; sourceTree = "<group>"; };
		6658F001C5C56071EC60514E /* WatermarkBackground.swift */ = {isa = PBXFileReference; lastKnownFileType = sourcecode.swift; path = WatermarkBackground.swift; sourceTree = "<group>"; };
		8930E8F0C6702946D87082BD /* Assets.xcassets */ = {isa = PBXFileReference; lastKnownFileType = folder.assetcatalog; path = Assets.xcassets; sourceTree = "<group>"; };
		899A0FEF2AD224B0D5701B42 /* WindowStatePersistence.swift */ = {isa = PBXFileReference; lastKnownFileType = sourcecode.swift; path = WindowStatePersistence.swift; sourceTree = "<group>"; };
		8CC9D0AFA07CC0E764CBDAE3 /* Info.plist */ = {isa = PBXFileReference; lastKnownFileType = text.plist; path = Info.plist; sourceTree = "<group>"; };
		8DE2A15976B77FC2E24FB3B7 /* SwiftTerm */ = {isa = PBXFileReference; lastKnownFileType = folder; name = SwiftTerm; path = Vendor/SwiftTerm; sourceTree = SOURCE_ROOT; };
		922A89B10E14E165A50C1F4F /* ContentView.swift */ = {isa = PBXFileReference; lastKnownFileType = sourcecode.swift; path = ContentView.swift; sourceTree = "<group>"; };
		930CA7E2539E197A2DF03CE4 /* SessionRow.swift */ = {isa = PBXFileReference; lastKnownFileType = sourcecode.swift; path = SessionRow.swift; sourceTree = "<group>"; };
		9840B2A7E1AAB30A89612AFB /* CollapsedSessionSidebar.swift */ = {isa = PBXFileReference; lastKnownFileType = sourcecode.swift; path = CollapsedSessionSidebar.swift; sourceTree = "<group>"; };
		9C3C1E1CDC72CB3FDF60D346 /* BellIndicatorBehavior.swift */ = {isa = PBXFileReference; lastKnownFileType = sourcecode.swift; path = BellIndicatorBehavior.swift; sourceTree = "<group>"; };
		9D4122B312BBDD8690D21C4F /* LedgerSubTab.swift */ = {isa = PBXFileReference; lastKnownFileType = sourcecode.swift; path = LedgerSubTab.swift; sourceTree = "<group>"; };
		9EB1B25ADB386E0B834FA6B0 /* SessionManager.swift */ = {isa = PBXFileReference; lastKnownFileType = sourcecode.swift; path = SessionManager.swift; sourceTree = "<group>"; };
		A43C7742A36C8BAB7C4C6419 /* ChromeFontScaling.swift */ = {isa = PBXFileReference; lastKnownFileType = sourcecode.swift; path = ChromeFontScaling.swift; sourceTree = "<group>"; };
		A5D457946288879168E5D913 /* GalaxyLog.swift */ = {isa = PBXFileReference; lastKnownFileType = sourcecode.swift; path = GalaxyLog.swift; sourceTree = "<group>"; };
		A8A53165AE008050CD86AE4F /* NewSessionSheetController.swift */ = {isa = PBXFileReference; lastKnownFileType = sourcecode.swift; path = NewSessionSheetController.swift; sourceTree = "<group>"; };
		AB66259FCA486462B2373B6A /* LedgerFilesView.swift */ = {isa = PBXFileReference; lastKnownFileType = sourcecode.swift; path = LedgerFilesView.swift; sourceTree = "<group>"; };
		AFBB4BD044AC373BB324C7F7 /* GalaxyApp.swift */ = {isa = PBXFileReference; lastKnownFileType = sourcecode.swift; path = GalaxyApp.swift; sourceTree = "<group>"; };
		B23520B930BCE47BABD544FF /* github.min.css */ = {isa = PBXFileReference; lastKnownFileType = text.css; path = github.min.css; sourceTree = "<group>"; };
		B593B1A95489C385D8B403E7 /* LedgerView.swift */ = {isa = PBXFileReference; lastKnownFileType = sourcecode.swift; path = LedgerView.swift; sourceTree = "<group>"; };
		B9DD26C1047DBD42B5051047 /* main.swift */ = {isa = PBXFileReference; lastKnownFileType = sourcecode.swift; path = main.swift; sourceTree = "<group>"; };
		BAD14A629CEF3AA730CD6237 /* TerminalColorTheme.swift */ = {isa = PBXFileReference; lastKnownFileType = sourcecode.swift; path = TerminalColorTheme.swift; sourceTree = "<group>"; };
		BAEF4E4E06E2AD409BFED23F /* SessionPersistence.swift */ = {isa = PBXFileReference; lastKnownFileType = sourcecode.swift; path = SessionPersistence.swift; sourceTree = "<group>"; };
		BB1BD0B12AE09B3D09B6EE03 /* AnnotationHTMLVisitor.swift */ = {isa = PBXFileReference; lastKnownFileType = sourcecode.swift; path = AnnotationHTMLVisitor.swift; sourceTree = "<group>"; };
		BE3DAF1743A20920A57B236D /* NewSessionView.swift */ = {isa = PBXFileReference; lastKnownFileType = sourcecode.swift; path = NewSessionView.swift; sourceTree = "<group>"; };
		C2C9905E81F2549614ADA8EE /* LedgerEntriesView.swift */ = {isa = PBXFileReference; lastKnownFileType = sourcecode.swift; path = LedgerEntriesView.swift; sourceTree = "<group>"; };
		C7704E47DFEE80B330501660 /* GalaxyTerminalView.swift */ = {isa = PBXFileReference; lastKnownFileType = sourcecode.swift; path = GalaxyTerminalView.swift; sourceTree = "<group>"; };
		CA7C61AE6C010B6F8091B0B3 /* SocketListener.swift */ = {isa = PBXFileReference; lastKnownFileType = sourcecode.swift; path = SocketListener.swift; sourceTree = "<group>"; };
		CEB9F0C617C86CE1FDD05FF3 /* MainWindowController.swift */ = {isa = PBXFileReference; lastKnownFileType = sourcecode.swift; path = MainWindowController.swift; sourceTree = "<group>"; };
		CF05B1CBD2C3553B1FCBA500 /* LedgerIdentifiersView.swift */ = {isa = PBXFileReference; lastKnownFileType = sourcecode.swift; path = LedgerIdentifiersView.swift; sourceTree = "<group>"; };
		D96AFD79CE59690C239E10B5 /* MainMenu.swift */ = {isa = PBXFileReference; lastKnownFileType = sourcecode.swift; path = MainMenu.swift; sourceTree = "<group>"; };
		DCE6073F39BD2A2E08FD007F /* TerminalView.swift */ = {isa = PBXFileReference; lastKnownFileType = sourcecode.swift; path = TerminalView.swift; sourceTree = "<group>"; };
		E474100EA691402E8DF51F3A /* SessionRowDragHandle.swift */ = {isa = PBXFileReference; lastKnownFileType = sourcecode.swift; path = SessionRowDragHandle.swift; sourceTree = "<group>"; };
		E49CF9BDA2474BE2585001F5 /* MarkdownReaderView.swift */ = {isa = PBXFileReference; lastKnownFileType = sourcecode.swift; path = MarkdownReaderView.swift; sourceTree = "<group>"; };
		EA542FF52DF4733279284AB3 /* SessionIDGenerator.swift */ = {isa = PBXFileReference; lastKnownFileType = sourcecode.swift; path = SessionIDGenerator.swift; sourceTree = "<group>"; };
		EA80B868DED26B32D6DEB65D /* SessionDragCoordinator.swift */ = {isa = PBXFileReference; lastKnownFileType = sourcecode.swift; path = SessionDragCoordinator.swift; sourceTree = "<group>"; };
		EA90FB9B45E643E56114F655 /* emoji-autocomplete.js */ = {isa = PBXFileReference; lastKnownFileType = sourcecode.javascript; path = "emoji-autocomplete.js"; sourceTree = "<group>"; };
		F0269FFB63DF2EC261DC5B6A /* SettingsView.swift */ = {isa = PBXFileReference; lastKnownFileType = sourcecode.swift; path = SettingsView.swift; sourceTree = "<group>"; };
		F36B97B02F23D9DBF2C2F2E2 /* Session.swift */ = {isa = PBXFileReference; lastKnownFileType = sourcecode.swift; path = Session.swift; sourceTree = "<group>"; };
		FBD7729C400FAFC8E4EFFE94 /* EventEnvelope.swift */ = {isa = PBXFileReference; lastKnownFileType = sourcecode.swift; path = EventEnvelope.swift; sourceTree = "<group>"; };
/* End PBXFileReference section */

/* Begin PBXFrameworksBuildPhase section */
		991AE15D8719E27C26C6BC8C /* Frameworks */ = {
			isa = PBXFrameworksBuildPhase;
			buildActionMask = 2147483647;
			files = (
				9AA9CE7723F2ABB70173493D /* SwiftTerm in Frameworks */,
				8675182D56EEB0ECEB09DAC0 /* Markdown in Frameworks */,
			);
			runOnlyForDeploymentPostprocessing = 0;
		};
/* End PBXFrameworksBuildPhase section */

/* Begin PBXGroup section */
		10D8D5FBF1EB5E3155ABADCB /* Models */ = {
			isa = PBXGroup;
			children = (
				3463B095E6622E31AF317063 /* CircuitBreaker.swift */,
				260E4993B113CBAABADA519B /* EnrichmentService.swift */,
				0663E09051C220DBD5E80CD2 /* EventCoordinator.swift */,
				1222FD00CE1FBF7DC99BD683 /* EventDebouncer.swift */,
				FBD7729C400FAFC8E4EFFE94 /* EventEnvelope.swift */,
				A5D457946288879168E5D913 /* GalaxyLog.swift */,
				352D8EE51F82B2AC7CD44C73 /* LedgerQueryService.swift */,
				9D4122B312BBDD8690D21C4F /* LedgerSubTab.swift */,
				37E5B003AFED03C15A13FC2D /* NotificationService.swift */,
				F36B97B02F23D9DBF2C2F2E2 /* Session.swift */,
				EA542FF52DF4733279284AB3 /* SessionIDGenerator.swift */,
				9EB1B25ADB386E0B834FA6B0 /* SessionManager.swift */,
				BAEF4E4E06E2AD409BFED23F /* SessionPersistence.swift */,
				132ABF5FFF205D134EED1EE4 /* SessionTab.swift */,
				1C7501DB8ABDB113A9CF35C8 /* SettingsManager.swift */,
				4D98BE974E4671D9CFC645BF /* SnapshotQueryService.swift */,
				CA7C61AE6C010B6F8091B0B3 /* SocketListener.swift */,
				5702E8641291E687147723FD /* StatusLineService.swift */,
				BAD14A629CEF3AA730CD6237 /* TerminalColorTheme.swift */,
				899A0FEF2AD224B0D5701B42 /* WindowStatePersistence.swift */,
			);
			path = Models;
			sourceTree = "<group>";
		};
		391FB9CB30980D64BFD7727C /* Products */ = {
			isa = PBXGroup;
			children = (
				1F39F262BB7D593079DE0602 /* GalaxyApp.app */,
			);
			name = Products;
			sourceTree = "<group>";
		};
		8D98DBB6657E4D9DEE141CCC /* Resources */ = {
			isa = PBXGroup;
			children = (
				EA90FB9B45E643E56114F655 /* emoji-autocomplete.js */,
				54F43AFBEA120EE7E58EB3CB /* emoji-data.js */,
				571E103D146B34A40CCC6E58 /* github-dark.min.css */,
				B23520B930BCE47BABD544FF /* github.min.css */,
				2E2A600723E28593174AA752 /* highlight.min.js */,
			);
			path = Resources;
			sourceTree = "<group>";
		};
		A4E9EEB1DC67FF88728B219F /* Views */ = {
			isa = PBXGroup;
			children = (
				BB1BD0B12AE09B3D09B6EE03 /* AnnotationHTMLVisitor.swift */,
				9C3C1E1CDC72CB3FDF60D346 /* BellIndicatorBehavior.swift */,
				A43C7742A36C8BAB7C4C6419 /* ChromeFontScaling.swift */,
				9840B2A7E1AAB30A89612AFB /* CollapsedSessionSidebar.swift */,
				0A75DD66617BDBF94F9175C9 /* CopyButton.swift */,
				139EB2F2C31AF6EE70AFECF7 /* DirectoryField.swift */,
				43C2EE51F5ED8F5A44D27580 /* DragHandleNSView.swift */,
				0B33E9ACBBBDE22688F8D808 /* ExpandedSessionSidebar.swift */,
				C7704E47DFEE80B330501660 /* GalaxyTerminalView.swift */,
				C2C9905E81F2549614ADA8EE /* LedgerEntriesView.swift */,
				AB66259FCA486462B2373B6A /* LedgerFilesView.swift */,
				CF05B1CBD2C3553B1FCBA500 /* LedgerIdentifiersView.swift */,
				3698A7E1AE87120B27E6EFD0 /* LedgerLastActivityView.swift */,
				1B4449037A4904D32821556A /* LedgerSuggestedNameView.swift */,
				B593B1A95489C385D8B403E7 /* LedgerView.swift */,
				E49CF9BDA2474BE2585001F5 /* MarkdownReaderView.swift */,
				BE3DAF1743A20920A57B236D /* NewSessionView.swift */,
				5B94034611483F6B08D6C02B /* PersonaPicker.swift */,
				EA80B868DED26B32D6DEB65D /* SessionDragCoordinator.swift */,
				930CA7E2539E197A2DF03CE4 /* SessionRow.swift */,
				E474100EA691402E8DF51F3A /* SessionRowDragHandle.swift */,
				4A2B8AABAEE680386E0753B7 /* SessionStatusDot.swift */,
				F0269FFB63DF2EC261DC5B6A /* SettingsView.swift */,
				29344914B2D95B3DADB11F4A /* SnapshotsView.swift */,
				2C599534AAFC2570BC5F292A /* StoppedSessionView.swift */,
				DCE6073F39BD2A2E08FD007F /* TerminalView.swift */,
				19982622D2460FF2F8B4E33B /* UnreadIndicator.swift */,
				6658F001C5C56071EC60514E /* WatermarkBackground.swift */,
			);
			path = Views;
			sourceTree = "<group>";
		};
		AB721EBAB3C4A247A9BC98D2 = {
			isa = PBXGroup;
			children = (
				F7A24AEBF1C30B981C36189D /* GalaxyApp */,
				F2D56AAAB36EF6719CF643B2 /* Packages */,
				391FB9CB30980D64BFD7727C /* Products */,
			);
			sourceTree = "<group>";
		};
		F2D56AAAB36EF6719CF643B2 /* Packages */ = {
			isa = PBXGroup;
			children = (
				8DE2A15976B77FC2E24FB3B7 /* SwiftTerm */,
			);
			name = Packages;
			sourceTree = "<group>";
		};
		F7A24AEBF1C30B981C36189D /* GalaxyApp */ = {
			isa = PBXGroup;
			children = (
				8930E8F0C6702946D87082BD /* Assets.xcassets */,
				922A89B10E14E165A50C1F4F /* ContentView.swift */,
				AFBB4BD044AC373BB324C7F7 /* GalaxyApp.swift */,
				8CC9D0AFA07CC0E764CBDAE3 /* Info.plist */,
				B9DD26C1047DBD42B5051047 /* main.swift */,
				D96AFD79CE59690C239E10B5 /* MainMenu.swift */,
				CEB9F0C617C86CE1FDD05FF3 /* MainWindowController.swift */,
				A8A53165AE008050CD86AE4F /* NewSessionSheetController.swift */,
				2E9CD7B5767024AE0C85E433 /* PreferencesWindowController.swift */,
				10D8D5FBF1EB5E3155ABADCB /* Models */,
				8D98DBB6657E4D9DEE141CCC /* Resources */,
				A4E9EEB1DC67FF88728B219F /* Views */,
			);
			path = GalaxyApp;
			sourceTree = "<group>";
		};
/* End PBXGroup section */

/* Begin PBXNativeTarget section */
		AD76CB3E26D9AB2A5E75A01A /* GalaxyApp */ = {
			isa = PBXNativeTarget;
			buildConfigurationList = E6805ED1BDF67A961BC9E170 /* Build configuration list for PBXNativeTarget "GalaxyApp" */;
			buildPhases = (
				2FD403CD1783A4A6CA93F790 /* Sources */,
				E41BC6D329BF16C7E86313FA /* Resources */,
				991AE15D8719E27C26C6BC8C /* Frameworks */,
			);
			buildRules = (
			);
			dependencies = (
			);
			name = GalaxyApp;
			packageProductDependencies = (
				7CE7EDB3AA040F6F2534E97D /* SwiftTerm */,
				90EB9F42DFBE78AC39BB94CA /* Markdown */,
			);
			productName = GalaxyApp;
			productReference = 1F39F262BB7D593079DE0602 /* GalaxyApp.app */;
			productType = "com.apple.product-type.application";
		};
/* End PBXNativeTarget section */

/* Begin PBXProject section */
		A8828B6A08F52E7DB8581EEE /* Project object */ = {
			isa = PBXProject;
			attributes = {
				BuildIndependentTargetsInParallel = YES;
				LastUpgradeCheck = 1620;
			};
			buildConfigurationList = 7073966B0FFDDAF3EFD07329 /* Build configuration list for PBXProject "GalaxyApp" */;
			compatibilityVersion = "Xcode 14.0";
			developmentRegion = en;
			hasScannedForEncodings = 0;
			knownRegions = (
				Base,
				en,
			);
			mainGroup = AB721EBAB3C4A247A9BC98D2;
			minimizedProjectReferenceProxies = 1;
			packageReferences = (
				76728E219694B808E74E176B /* XCRemoteSwiftPackageReference "swift-markdown" */,
				5858678D19DE930848F64619 /* XCLocalSwiftPackageReference "Vendor/SwiftTerm" */,
			);
			preferredProjectObjectVersion = 77;
			projectDirPath = "";
			projectRoot = "";
			targets = (
				AD76CB3E26D9AB2A5E75A01A /* GalaxyApp */,
			);
		};
/* End PBXProject section */

/* Begin PBXResourcesBuildPhase section */
		E41BC6D329BF16C7E86313FA /* Resources */ = {
			isa = PBXResourcesBuildPhase;
			buildActionMask = 2147483647;
			files = (
				487179062AB63CC1EBAD20CB /* Assets.xcassets in Resources */,
				BB911698AD4CE425B65FF0E7 /* emoji-autocomplete.js in Resources */,
				8E316F88952E7A506D8CEC53 /* emoji-data.js in Resources */,
				C81FA322757FF337EF9E18AC /* github-dark.min.css in Resources */,
				F208448C6AAFC6EDFC7FB9E3 /* github.min.css in Resources */,
				78BA35B8C1445B8FBB3B3F1D /* highlight.min.js in Resources */,
			);
			runOnlyForDeploymentPostprocessing = 0;
		};
/* End PBXResourcesBuildPhase section */

/* Begin PBXSourcesBuildPhase section */
		2FD403CD1783A4A6CA93F790 /* Sources */ = {
			isa = PBXSourcesBuildPhase;
			buildActionMask = 2147483647;
			files = (
				09CDA5203DCF9553E640C102 /* AnnotationHTMLVisitor.swift in Sources */,
				9EBBFFABF0552FDA783CAA6F /* BellIndicatorBehavior.swift in Sources */,
				9570B4EFEC53463C1B6A01E5 /* ChromeFontScaling.swift in Sources */,
				5BE31FF52EF968E62B31F97C /* CircuitBreaker.swift in Sources */,
				88DE79720988D464B7FF45B0 /* CollapsedSessionSidebar.swift in Sources */,
				0382B41CACCDA9E37EBABA4C /* ContentView.swift in Sources */,
				E4F32D6040F1D92456F3DB5B /* CopyButton.swift in Sources */,
				E5935CB38B847641A8281925 /* DirectoryField.swift in Sources */,
				59C4461354F92AEF376C88AA /* DragHandleNSView.swift in Sources */,
				64AB450ECD5FB1FF3D5E16EB /* EnrichmentService.swift in Sources */,
				2BC2B13218D48BB00EEF761B /* EventCoordinator.swift in Sources */,
				D1752B86BB1A44AFB5E75F00 /* EventDebouncer.swift in Sources */,
				82B876DF7C1A77E1A811C62A /* EventEnvelope.swift in Sources */,
				21BC314DAABC67786341621F /* ExpandedSessionSidebar.swift in Sources */,
				95B87341788CFD115DCAC557 /* GalaxyApp.swift in Sources */,
				C27788ECAC3C2D2A1DA2024E /* GalaxyLog.swift in Sources */,
				87FFE54A9802FACDDA0F15D9 /* GalaxyTerminalView.swift in Sources */,
				7FA24AFDBEAAAA19CC64A1E4 /* LedgerEntriesView.swift in Sources */,
				4654E5243D23D2B9C9E3F183 /* LedgerFilesView.swift in Sources */,
				45502A30E76464D22AB37E82 /* LedgerIdentifiersView.swift in Sources */,
				84D24F789857F731DB384052 /* LedgerLastActivityView.swift in Sources */,
				4F20E648BBD3A845F21F64BB /* LedgerQueryService.swift in Sources */,
				BAA27B33BB1F6834A8BA302A /* LedgerSubTab.swift in Sources */,
				8FEC7393E89FE983EDCBA419 /* LedgerSuggestedNameView.swift in Sources */,
				B319DA9B78048A3DF36BED58 /* LedgerView.swift in Sources */,
				9A7E8C74C205BD7E4329689D /* MainMenu.swift in Sources */,
				69C769B61E2BA6F9BD8DA6FB /* MainWindowController.swift in Sources */,
				86AAE69F5441679CED101F09 /* MarkdownReaderView.swift in Sources */,
				C7C58C9749BA5147D39E5B17 /* NewSessionSheetController.swift in Sources */,
				E94CFE702D0C74AFE0D80B81 /* NewSessionView.swift in Sources */,
				71836A132E30E0F8CC17F3D8 /* NotificationService.swift in Sources */,
				38C56F31253D082C87C20D6D /* PersonaPicker.swift in Sources */,
				57F83F8FAFBFC9B625678AE5 /* PreferencesWindowController.swift in Sources */,
				C72E6931FE46DAAFE486C09E /* Session.swift in Sources */,
				88B1D264363994AD24AC8CC6 /* SessionDragCoordinator.swift in Sources */,
				287B04EB0B71772D4E0594CD /* SessionIDGenerator.swift in Sources */,
				D1DBDDFE86F84375BCFD9078 /* SessionManager.swift in Sources */,
				6DBFAC1175B99C54309DF19A /* SessionPersistence.swift in Sources */,
				5726799F4CAC18544C8FB957 /* SessionRow.swift in Sources */,
				C3434D97E3E1783843E50797 /* SessionRowDragHandle.swift in Sources */,
				4CD689921E9F3C467D5A532C /* SessionStatusDot.swift in Sources */,
				CF2878EF8B56C276182C86A2 /* SessionTab.swift in Sources */,
				A20D4EC7B5F8E3D1DDBB8D4E /* SettingsManager.swift in Sources */,
				55C2F61C9B63ACCE613CBC37 /* SettingsView.swift in Sources */,
				F19AFC56BBDD37BD92E68719 /* SnapshotQueryService.swift in Sources */,
				D499F472C2F9A6CB0D02D493 /* SnapshotsView.swift in Sources */,
				CC27D1B9C8318928AE6187FE /* SocketListener.swift in Sources */,
				3F6C193D5824A2FC5BDB2792 /* StatusLineService.swift in Sources */,
				951191037547FFAFD104A99F /* StoppedSessionView.swift in Sources */,
				7A28B8F016D429863BF35F22 /* TerminalColorTheme.swift in Sources */,
				3FCE06C0F8AE9134D99D090A /* TerminalView.swift in Sources */,
				71E17A427557DEC4A0100B47 /* UnreadIndicator.swift in Sources */,
				B1E71F47DE9403A1808277EC /* WatermarkBackground.swift in Sources */,
				89EE54398E22AEA37B416F21 /* WindowStatePersistence.swift in Sources */,
				830B36A8A4CD211AC3DF03F3 /* main.swift in Sources */,
			);
			runOnlyForDeploymentPostprocessing = 0;
		};
/* End PBXSourcesBuildPhase section */

/* Begin XCBuildConfiguration section */
		22840373C75ABCAA635D0D3F /* Release */ = {
			isa = XCBuildConfiguration;
			buildSettings = {
				ALWAYS_SEARCH_USER_PATHS = NO;
				CLANG_ANALYZER_NONNULL = YES;
				CLANG_ANALYZER_NUMBER_OBJECT_CONVERSION = YES_AGGRESSIVE;
				CLANG_CXX_LANGUAGE_STANDARD = "gnu++14";
				CLANG_CXX_LIBRARY = "libc++";
				CLANG_ENABLE_MODULES = YES;
				CLANG_ENABLE_OBJC_ARC = YES;
				CLANG_ENABLE_OBJC_WEAK = YES;
				CLANG_WARN_BLOCK_CAPTURE_AUTORELEASING = YES;
				CLANG_WARN_BOOL_CONVERSION = YES;
				CLANG_WARN_COMMA = YES;
				CLANG_WARN_CONSTANT_CONVERSION = YES;
				CLANG_WARN_DEPRECATED_OBJC_IMPLEMENTATIONS = YES;
				CLANG_WARN_DIRECT_OBJC_ISA_USAGE = YES_ERROR;
				CLANG_WARN_DOCUMENTATION_COMMENTS = YES;
				CLANG_WARN_EMPTY_BODY = YES;
				CLANG_WARN_ENUM_CONVERSION = YES;
				CLANG_WARN_INFINITE_RECURSION = YES;
				CLANG_WARN_INT_CONVERSION = YES;
				CLANG_WARN_NON_LITERAL_NULL_CONVERSION = YES;
				CLANG_WARN_OBJC_IMPLICIT_RETAIN_SELF = YES;
				CLANG_WARN_OBJC_LITERAL_CONVERSION = YES;
				CLANG_WARN_OBJC_ROOT_CLASS = YES_ERROR;
				CLANG_WARN_QUOTED_INCLUDE_IN_FRAMEWORK_HEADER = YES;
				CLANG_WARN_RANGE_LOOP_ANALYSIS = YES;
				CLANG_WARN_STRICT_PROTOTYPES = YES;
				CLANG_WARN_SUSPICIOUS_MOVE = YES;
				CLANG_WARN_UNGUARDED_AVAILABILITY = YES_AGGRESSIVE;
				CLANG_WARN_UNREACHABLE_CODE = YES;
				CLANG_WARN__DUPLICATE_METHOD_MATCH = YES;
				COPY_PHASE_STRIP = NO;
				DEBUG_INFORMATION_FORMAT = "dwarf-with-dsym";
				ENABLE_NS_ASSERTIONS = NO;
				ENABLE_STRICT_OBJC_MSGSEND = YES;
				GCC_C_LANGUAGE_STANDARD = gnu11;
				GCC_NO_COMMON_BLOCKS = YES;
				GCC_WARN_64_TO_32_BIT_CONVERSION = YES;
				GCC_WARN_ABOUT_RETURN_TYPE = YES_ERROR;
				GCC_WARN_UNDECLARED_SELECTOR = YES;
				GCC_WARN_UNINITIALIZED_AUTOS = YES_AGGRESSIVE;
				GCC_WARN_UNUSED_FUNCTION = YES;
				GCC_WARN_UNUSED_VARIABLE = YES;
				MACOSX_DEPLOYMENT_TARGET = 14.0;
				MTL_ENABLE_DEBUG_INFO = NO;
				MTL_FAST_MATH = YES;
				PRODUCT_NAME = "$(TARGET_NAME)";
				SDKROOT = macosx;
				SWIFT_COMPILATION_MODE = wholemodule;
				SWIFT_OPTIMIZATION_LEVEL = "-O";
				SWIFT_VERSION = 5.0;
			};
			name = Release;
		};
		344E868D050B96F638675269 /* Debug */ = {
			isa = XCBuildConfiguration;
			buildSettings = {
				ALWAYS_SEARCH_USER_PATHS = NO;
				CLANG_ANALYZER_NONNULL = YES;
				CLANG_ANALYZER_NUMBER_OBJECT_CONVERSION = YES_AGGRESSIVE;
				CLANG_CXX_LANGUAGE_STANDARD = "gnu++14";
				CLANG_CXX_LIBRARY = "libc++";
				CLANG_ENABLE_MODULES = YES;
				CLANG_ENABLE_OBJC_ARC = YES;
				CLANG_ENABLE_OBJC_WEAK = YES;
				CLANG_WARN_BLOCK_CAPTURE_AUTORELEASING = YES;
				CLANG_WARN_BOOL_CONVERSION = YES;
				CLANG_WARN_COMMA = YES;
				CLANG_WARN_CONSTANT_CONVERSION = YES;
				CLANG_WARN_DEPRECATED_OBJC_IMPLEMENTATIONS = YES;
				CLANG_WARN_DIRECT_OBJC_ISA_USAGE = YES_ERROR;
				CLANG_WARN_DOCUMENTATION_COMMENTS = YES;
				CLANG_WARN_EMPTY_BODY = YES;
				CLANG_WARN_ENUM_CONVERSION = YES;
				CLANG_WARN_INFINITE_RECURSION = YES;
				CLANG_WARN_INT_CONVERSION = YES;
				CLANG_WARN_NON_LITERAL_NULL_CONVERSION = YES;
				CLANG_WARN_OBJC_IMPLICIT_RETAIN_SELF = YES;
				CLANG_WARN_OBJC_LITERAL_CONVERSION = YES;
				CLANG_WARN_OBJC_ROOT_CLASS = YES_ERROR;
				CLANG_WARN_QUOTED_INCLUDE_IN_FRAMEWORK_HEADER = YES;
				CLANG_WARN_RANGE_LOOP_ANALYSIS = YES;
				CLANG_WARN_STRICT_PROTOTYPES = YES;
				CLANG_WARN_SUSPICIOUS_MOVE = YES;
				CLANG_WARN_UNGUARDED_AVAILABILITY = YES_AGGRESSIVE;
				CLANG_WARN_UNREACHABLE_CODE = YES;
				CLANG_WARN__DUPLICATE_METHOD_MATCH = YES;
				COPY_PHASE_STRIP = NO;
				DEBUG_INFORMATION_FORMAT = dwarf;
				ENABLE_STRICT_OBJC_MSGSEND = YES;
				ENABLE_TESTABILITY = YES;
				GCC_C_LANGUAGE_STANDARD = gnu11;
				GCC_DYNAMIC_NO_PIC = NO;
				GCC_NO_COMMON_BLOCKS = YES;
				GCC_OPTIMIZATION_LEVEL = 0;
				GCC_PREPROCESSOR_DEFINITIONS = (
					"$(inherited)",
					"DEBUG=1",
				);
				GCC_WARN_64_TO_32_BIT_CONVERSION = YES;
				GCC_WARN_ABOUT_RETURN_TYPE = YES_ERROR;
				GCC_WARN_UNDECLARED_SELECTOR = YES;
				GCC_WARN_UNINITIALIZED_AUTOS = YES_AGGRESSIVE;
				GCC_WARN_UNUSED_FUNCTION = YES;
				GCC_WARN_UNUSED_VARIABLE = YES;
				MACOSX_DEPLOYMENT_TARGET = 14.0;
				MTL_ENABLE_DEBUG_INFO = INCLUDE_SOURCE;
				MTL_FAST_MATH = YES;
				ONLY_ACTIVE_ARCH = YES;
				PRODUCT_NAME = "$(TARGET_NAME)";
				SDKROOT = macosx;
				SWIFT_ACTIVE_COMPILATION_CONDITIONS = DEBUG;
				SWIFT_OPTIMIZATION_LEVEL = "-Onone";
				SWIFT_VERSION = 5.0;
			};
			name = Debug;
		};
		6CDD5C44F41C7282435CC91D /* Release */ = {
			isa = XCBuildConfiguration;
			buildSettings = {
				ASSETCATALOG_COMPILER_APPICON_NAME = AppIcon;
				COMBINE_HIDPI_IMAGES = YES;
				CURRENT_PROJECT_VERSION = 1;
				INFOPLIST_FILE = GalaxyApp/Info.plist;
				LD_RUNPATH_SEARCH_PATHS = (
					"$(inherited)",
					"@executable_path/../Frameworks",
				);
				MARKETING_VERSION = 0.1.0;
				PRODUCT_BUNDLE_IDENTIFIER = com.kellyredding.Galaxy;
				PRODUCT_NAME = Galaxy;
				SDKROOT = macosx;
				SWIFT_VERSION = 5.10;
			};
			name = Release;
		};
		E2F4129071A5AF0CB56253AC /* Debug */ = {
			isa = XCBuildConfiguration;
			buildSettings = {
				ASSETCATALOG_COMPILER_APPICON_NAME = AppIcon;
				COMBINE_HIDPI_IMAGES = YES;
				CURRENT_PROJECT_VERSION = 1;
				INFOPLIST_FILE = GalaxyApp/Info.plist;
				LD_RUNPATH_SEARCH_PATHS = (
					"$(inherited)",
					"@executable_path/../Frameworks",
				);
				MARKETING_VERSION = 0.1.0;
				PRODUCT_BUNDLE_IDENTIFIER = com.kellyredding.Galaxy;
				PRODUCT_NAME = Galaxy;
				SDKROOT = macosx;
				SWIFT_VERSION = 5.10;
			};
			name = Debug;
		};
/* End XCBuildConfiguration section */

/* Begin XCConfigurationList section */
		7073966B0FFDDAF3EFD07329 /* Build configuration list for PBXProject "GalaxyApp" */ = {
			isa = XCConfigurationList;
			buildConfigurations = (
				344E868D050B96F638675269 /* Debug */,
				22840373C75ABCAA635D0D3F /* Release */,
			);
			defaultConfigurationIsVisible = 0;
			defaultConfigurationName = Debug;
		};
		E6805ED1BDF67A961BC9E170 /* Build configuration list for PBXNativeTarget "GalaxyApp" */ = {
			isa = XCConfigurationList;
			buildConfigurations = (
				E2F4129071A5AF0CB56253AC /* Debug */,
				6CDD5C44F41C7282435CC91D /* Release */,
			);
			defaultConfigurationIsVisible = 0;
			defaultConfigurationName = Debug;
		};
/* End XCConfigurationList section */

/* Begin XCLocalSwiftPackageReference section */
		5858678D19DE930848F64619 /* XCLocalSwiftPackageReference "Vendor/SwiftTerm" */ = {
			isa = XCLocalSwiftPackageReference;
			relativePath = Vendor/SwiftTerm;
		};
/* End XCLocalSwiftPackageReference section */

/* Begin XCRemoteSwiftPackageReference section */
		76728E219694B808E74E176B /* XCRemoteSwiftPackageReference "swift-markdown" */ = {
			isa = XCRemoteSwiftPackageReference;
			repositoryURL = "https://github.com/swiftlang/swift-markdown.git";
			requirement = {
				kind = upToNextMajorVersion;
				minimumVersion = 0.5.0;
			};
		};
/* End XCRemoteSwiftPackageReference section */

/* Begin XCSwiftPackageProductDependency section */
		7CE7EDB3AA040F6F2534E97D /* SwiftTerm */ = {
			isa = XCSwiftPackageProductDependency;
			productName = SwiftTerm;
		};
		90EB9F42DFBE78AC39BB94CA /* Markdown */ = {
			isa = XCSwiftPackageProductDependency;
			package = 76728E219694B808E74E176B /* XCRemoteSwiftPackageReference "swift-markdown" */;
			productName = Markdown;
		};
/* End XCSwiftPackageProductDependency section */
	};
	rootObject = A8828B6A08F52E7DB8581EEE /* Project object */;
}
