// !$*UTF8*$!
{
	archiveVersion = 1;
	classes = {
	};
	objectVersion = 56;
	objects = {

/* Begin PBXBuildFile section */
		2046DFEC3249CA36A7D596FE /* MainMenu.swift in Sources */ = {isa = PBXBuildFile; fileRef = C016A498A07F115E68C555F2 /* MainMenu.swift */; };
		21239774CA4778939E3173D4 /* SessionIDGenerator.swift in Sources */ = {isa = PBXBuildFile; fileRef = 7F3B435264DCD92610024B3A /* SessionIDGenerator.swift */; };
		21B9F74F775EFC6F5BB9C3B5 /* main.swift in Sources */ = {isa = PBXBuildFile; fileRef = 75418C6FA9B09DC270C60ED6 /* main.swift */; };
		292F105BBD71D22049B26499 /* GalaxyTerminalView.swift in Sources */ = {isa = PBXBuildFile; fileRef = 7762E064FA44E2E83ED9213F /* GalaxyTerminalView.swift */; };
		39F805D1D863916C4F09874A /* SwiftTerm in Frameworks */ = {isa = PBXBuildFile; productRef = 1073964FCAD353209A999D96 /* SwiftTerm */; };
		55B40D3A946CA975D0705AB1 /* GalaxyPOCApp.swift in Sources */ = {isa = PBXBuildFile; fileRef = 72EC4E43716950A0BE37D77C /* GalaxyPOCApp.swift */; };
		5E5DFFA81979867CB14EE9B4 /* SessionSidebar.swift in Sources */ = {isa = PBXBuildFile; fileRef = 2B1B7D35B5D4C74109C71FEC /* SessionSidebar.swift */; };
		603E236D1097E6B3B7B3B159 /* ContentView.swift in Sources */ = {isa = PBXBuildFile; fileRef = 247448C70224193CE23BB32D /* ContentView.swift */; };
		63CF9F4484E453AB4FA8435D /* SettingsView.swift in Sources */ = {isa = PBXBuildFile; fileRef = 51B043580E281E4FEDD4B7C1 /* SettingsView.swift */; };
		659C5CBFD19B016CD38204D4 /* PreferencesWindowController.swift in Sources */ = {isa = PBXBuildFile; fileRef = 011B61EFB64D012A13002A05 /* PreferencesWindowController.swift */; };
		68C18C951ECA59A28DF7110D /* MainWindowController.swift in Sources */ = {isa = PBXBuildFile; fileRef = 4D5D04AE6890BC081DBE2BEA /* MainWindowController.swift */; };
		84957EABE2A6196BA1504DBF /* StatusLineService.swift in Sources */ = {isa = PBXBuildFile; fileRef = 5826E9442A7BE9F83CBB048F /* StatusLineService.swift */; };
		8B72EA39ED013A00DB1BCDD8 /* Session.swift in Sources */ = {isa = PBXBuildFile; fileRef = 03E8CA49CFFD43B40F69A196 /* Session.swift */; };
		A3844F9D3AF997B73DB014B2 /* StoppedSessionView.swift in Sources */ = {isa = PBXBuildFile; fileRef = 8B20954B03FC9D94E6B00BA4 /* StoppedSessionView.swift */; };
		A9DC3B126BE6650923ADEC46 /* SessionRow.swift in Sources */ = {isa = PBXBuildFile; fileRef = A60AC35CE99CE6430CC623FF /* SessionRow.swift */; };
		A9FD74182C12E200B8CCF7F6 /* SessionDragCoordinator.swift in Sources */ = {isa = PBXBuildFile; fileRef = 1DBD49711ACCA3661CF39305 /* SessionDragCoordinator.swift */; };
		ADB1518FC56D3CBB7871F375 /* SessionManager.swift in Sources */ = {isa = PBXBuildFile; fileRef = 4E9581FAD7E28412EFFA4F2E /* SessionManager.swift */; };
		B315DD257B4419DAA731F557 /* ChromeFontScaling.swift in Sources */ = {isa = PBXBuildFile; fileRef = E4089A88EEF4541078DAFD9C /* ChromeFontScaling.swift */; };
		B8B4A7BBBA1773D6ACFA5390 /* SessionRowDragHandle.swift in Sources */ = {isa = PBXBuildFile; fileRef = F090996659AB8AFD96B02520 /* SessionRowDragHandle.swift */; };
		D11895787451622F594E0A2E /* DragHandleNSView.swift in Sources */ = {isa = PBXBuildFile; fileRef = 9E337B5AAB13709529BD48C0 /* DragHandleNSView.swift */; };
		DC800CD267FF155C7DD4AD19 /* SettingsManager.swift in Sources */ = {isa = PBXBuildFile; fileRef = 852ED927CCD3E05ADBEE9191 /* SettingsManager.swift */; };
		DDEC76C881950EACABC99C27 /* WatermarkBackground.swift in Sources */ = {isa = PBXBuildFile; fileRef = 3315195D1535536D12ED343D /* WatermarkBackground.swift */; };
		DF11146BB2950E31FC746C90 /* TerminalView.swift in Sources */ = {isa = PBXBuildFile; fileRef = 9E559289BDC471021B08F5DD /* TerminalView.swift */; };
		DF5C8DA5432ED43321F51277 /* Assets.xcassets in Resources */ = {isa = PBXBuildFile; fileRef = FCA5CF5E95D054AAC80A090A /* Assets.xcassets */; };
/* End PBXBuildFile section */

/* Begin PBXFileReference section */
		011B61EFB64D012A13002A05 /* PreferencesWindowController.swift */ = {isa = PBXFileReference; lastKnownFileType = sourcecode.swift; path = PreferencesWindowController.swift; sourceTree = "<group>"; };
		03E8CA49CFFD43B40F69A196 /* Session.swift */ = {isa = PBXFileReference; lastKnownFileType = sourcecode.swift; path = Session.swift; sourceTree = "<group>"; };
		1DBD49711ACCA3661CF39305 /* SessionDragCoordinator.swift */ = {isa = PBXFileReference; lastKnownFileType = sourcecode.swift; path = SessionDragCoordinator.swift; sourceTree = "<group>"; };
		247448C70224193CE23BB32D /* ContentView.swift */ = {isa = PBXFileReference; lastKnownFileType = sourcecode.swift; path = ContentView.swift; sourceTree = "<group>"; };
		250F5A4BAD11EE41A4E51344 /* Info.plist */ = {isa = PBXFileReference; lastKnownFileType = text.plist; path = Info.plist; sourceTree = "<group>"; };
		2B1B7D35B5D4C74109C71FEC /* SessionSidebar.swift */ = {isa = PBXFileReference; lastKnownFileType = sourcecode.swift; path = SessionSidebar.swift; sourceTree = "<group>"; };
		3315195D1535536D12ED343D /* WatermarkBackground.swift */ = {isa = PBXFileReference; lastKnownFileType = sourcecode.swift; path = WatermarkBackground.swift; sourceTree = "<group>"; };
		4D5D04AE6890BC081DBE2BEA /* MainWindowController.swift */ = {isa = PBXFileReference; lastKnownFileType = sourcecode.swift; path = MainWindowController.swift; sourceTree = "<group>"; };
		4E9581FAD7E28412EFFA4F2E /* SessionManager.swift */ = {isa = PBXFileReference; lastKnownFileType = sourcecode.swift; path = SessionManager.swift; sourceTree = "<group>"; };
		51B043580E281E4FEDD4B7C1 /* SettingsView.swift */ = {isa = PBXFileReference; lastKnownFileType = sourcecode.swift; path = SettingsView.swift; sourceTree = "<group>"; };
		5826E9442A7BE9F83CBB048F /* StatusLineService.swift */ = {isa = PBXFileReference; lastKnownFileType = sourcecode.swift; path = StatusLineService.swift; sourceTree = "<group>"; };
		72EC4E43716950A0BE37D77C /* GalaxyPOCApp.swift */ = {isa = PBXFileReference; lastKnownFileType = sourcecode.swift; path = GalaxyPOCApp.swift; sourceTree = "<group>"; };
		75418C6FA9B09DC270C60ED6 /* main.swift */ = {isa = PBXFileReference; lastKnownFileType = sourcecode.swift; path = main.swift; sourceTree = "<group>"; };
		7762E064FA44E2E83ED9213F /* GalaxyTerminalView.swift */ = {isa = PBXFileReference; lastKnownFileType = sourcecode.swift; path = GalaxyTerminalView.swift; sourceTree = "<group>"; };
		7F3B435264DCD92610024B3A /* SessionIDGenerator.swift */ = {isa = PBXFileReference; lastKnownFileType = sourcecode.swift; path = SessionIDGenerator.swift; sourceTree = "<group>"; };
		852ED927CCD3E05ADBEE9191 /* SettingsManager.swift */ = {isa = PBXFileReference; lastKnownFileType = sourcecode.swift; path = SettingsManager.swift; sourceTree = "<group>"; };
		8B20954B03FC9D94E6B00BA4 /* StoppedSessionView.swift */ = {isa = PBXFileReference; lastKnownFileType = sourcecode.swift; path = StoppedSessionView.swift; sourceTree = "<group>"; };
		900F9D1F5C418789AE03F7FC /* GalaxyPOC.app */ = {isa = PBXFileReference; explicitFileType = wrapper.application; includeInIndex = 0; path = GalaxyPOC.app; sourceTree = BUILT_PRODUCTS_DIR; };
		9E337B5AAB13709529BD48C0 /* DragHandleNSView.swift */ = {isa = PBXFileReference; lastKnownFileType = sourcecode.swift; path = DragHandleNSView.swift; sourceTree = "<group>"; };
		9E559289BDC471021B08F5DD /* TerminalView.swift */ = {isa = PBXFileReference; lastKnownFileType = sourcecode.swift; path = TerminalView.swift; sourceTree = "<group>"; };
		A60AC35CE99CE6430CC623FF /* SessionRow.swift */ = {isa = PBXFileReference; lastKnownFileType = sourcecode.swift; path = SessionRow.swift; sourceTree = "<group>"; };
		C016A498A07F115E68C555F2 /* MainMenu.swift */ = {isa = PBXFileReference; lastKnownFileType = sourcecode.swift; path = MainMenu.swift; sourceTree = "<group>"; };
		D39914021D8D4B9CE630E3F6 /* SwiftTerm */ = {isa = PBXFileReference; lastKnownFileType = folder; name = SwiftTerm; path = Vendor/SwiftTerm; sourceTree = SOURCE_ROOT; };
		E4089A88EEF4541078DAFD9C /* ChromeFontScaling.swift */ = {isa = PBXFileReference; lastKnownFileType = sourcecode.swift; path = ChromeFontScaling.swift; sourceTree = "<group>"; };
		F090996659AB8AFD96B02520 /* SessionRowDragHandle.swift */ = {isa = PBXFileReference; lastKnownFileType = sourcecode.swift; path = SessionRowDragHandle.swift; sourceTree = "<group>"; };
		FCA5CF5E95D054AAC80A090A /* Assets.xcassets */ = {isa = PBXFileReference; lastKnownFileType = folder.assetcatalog; path = Assets.xcassets; sourceTree = "<group>"; };
/* End PBXFileReference section */

/* Begin PBXFrameworksBuildPhase section */
		F8ED6D08E9BBA2308FF3FC39 /* Frameworks */ = {
			isa = PBXFrameworksBuildPhase;
			buildActionMask = 2147483647;
			files = (
				39F805D1D863916C4F09874A /* SwiftTerm in Frameworks */,
			);
			runOnlyForDeploymentPostprocessing = 0;
		};
/* End PBXFrameworksBuildPhase section */

/* Begin PBXGroup section */
		014CCC5175F711FA6EB75FFB /* GalaxyPOC */ = {
			isa = PBXGroup;
			children = (
				FCA5CF5E95D054AAC80A090A /* Assets.xcassets */,
				247448C70224193CE23BB32D /* ContentView.swift */,
				72EC4E43716950A0BE37D77C /* GalaxyPOCApp.swift */,
				250F5A4BAD11EE41A4E51344 /* Info.plist */,
				75418C6FA9B09DC270C60ED6 /* main.swift */,
				C016A498A07F115E68C555F2 /* MainMenu.swift */,
				4D5D04AE6890BC081DBE2BEA /* MainWindowController.swift */,
				011B61EFB64D012A13002A05 /* PreferencesWindowController.swift */,
				B7AAAAF347EA7046BF1FA163 /* Models */,
				8A41C41A5210CDC374AB07E1 /* Views */,
			);
			path = GalaxyPOC;
			sourceTree = "<group>";
		};
		045CA77DFD80327135E14DAF /* Packages */ = {
			isa = PBXGroup;
			children = (
				D39914021D8D4B9CE630E3F6 /* SwiftTerm */,
			);
			name = Packages;
			sourceTree = "<group>";
		};
		23C2307643999768EF2B5FDA /* Products */ = {
			isa = PBXGroup;
			children = (
				900F9D1F5C418789AE03F7FC /* GalaxyPOC.app */,
			);
			name = Products;
			sourceTree = "<group>";
		};
		8A41C41A5210CDC374AB07E1 /* Views */ = {
			isa = PBXGroup;
			children = (
				E4089A88EEF4541078DAFD9C /* ChromeFontScaling.swift */,
				9E337B5AAB13709529BD48C0 /* DragHandleNSView.swift */,
				7762E064FA44E2E83ED9213F /* GalaxyTerminalView.swift */,
				1DBD49711ACCA3661CF39305 /* SessionDragCoordinator.swift */,
				A60AC35CE99CE6430CC623FF /* SessionRow.swift */,
				F090996659AB8AFD96B02520 /* SessionRowDragHandle.swift */,
				2B1B7D35B5D4C74109C71FEC /* SessionSidebar.swift */,
				51B043580E281E4FEDD4B7C1 /* SettingsView.swift */,
				8B20954B03FC9D94E6B00BA4 /* StoppedSessionView.swift */,
				9E559289BDC471021B08F5DD /* TerminalView.swift */,
				3315195D1535536D12ED343D /* WatermarkBackground.swift */,
			);
			path = Views;
			sourceTree = "<group>";
		};
		B7AAAAF347EA7046BF1FA163 /* Models */ = {
			isa = PBXGroup;
			children = (
				03E8CA49CFFD43B40F69A196 /* Session.swift */,
				7F3B435264DCD92610024B3A /* SessionIDGenerator.swift */,
				4E9581FAD7E28412EFFA4F2E /* SessionManager.swift */,
				852ED927CCD3E05ADBEE9191 /* SettingsManager.swift */,
				5826E9442A7BE9F83CBB048F /* StatusLineService.swift */,
			);
			path = Models;
			sourceTree = "<group>";
		};
		F760C4E614A22CE7D1DE254B = {
			isa = PBXGroup;
			children = (
				014CCC5175F711FA6EB75FFB /* GalaxyPOC */,
				045CA77DFD80327135E14DAF /* Packages */,
				23C2307643999768EF2B5FDA /* Products */,
			);
			sourceTree = "<group>";
		};
/* End PBXGroup section */

/* Begin PBXNativeTarget section */
		32285095F8E8A61687FCB501 /* GalaxyPOC */ = {
			isa = PBXNativeTarget;
			buildConfigurationList = 3F4EAEC70006427E381FCC44 /* Build configuration list for PBXNativeTarget "GalaxyPOC" */;
			buildPhases = (
				6B0FBB93D281CCC7BC5A2819 /* Sources */,
				65F89368891C9B6CC39994E7 /* Resources */,
				F8ED6D08E9BBA2308FF3FC39 /* Frameworks */,
			);
			buildRules = (
			);
			dependencies = (
			);
			name = GalaxyPOC;
			packageProductDependencies = (
				1073964FCAD353209A999D96 /* SwiftTerm */,
			);
			productName = GalaxyPOC;
			productReference = 900F9D1F5C418789AE03F7FC /* GalaxyPOC.app */;
			productType = "com.apple.product-type.application";
		};
/* End PBXNativeTarget section */

/* Begin PBXProject section */
		7FE3257F6C0F37262393D0A6 /* Project object */ = {
			isa = PBXProject;
			attributes = {
				BuildIndependentTargetsInParallel = YES;
				LastUpgradeCheck = 1620;
			};
			buildConfigurationList = FF8278C0A58F3C5FDB2F8B9B /* Build configuration list for PBXProject "GalaxyPOC" */;
			compatibilityVersion = "Xcode 14.0";
			developmentRegion = en;
			hasScannedForEncodings = 0;
			knownRegions = (
				Base,
				en,
			);
			mainGroup = F760C4E614A22CE7D1DE254B;
			minimizedProjectReferenceProxies = 1;
			packageReferences = (
				41DA32CE608BB847206B92E2 /* XCLocalSwiftPackageReference "Vendor/SwiftTerm" */,
			);
			preferredProjectObjectVersion = 77;
			projectDirPath = "";
			projectRoot = "";
			targets = (
				32285095F8E8A61687FCB501 /* GalaxyPOC */,
			);
		};
/* End PBXProject section */

/* Begin PBXResourcesBuildPhase section */
		65F89368891C9B6CC39994E7 /* Resources */ = {
			isa = PBXResourcesBuildPhase;
			buildActionMask = 2147483647;
			files = (
				DF5C8DA5432ED43321F51277 /* Assets.xcassets in Resources */,
			);
			runOnlyForDeploymentPostprocessing = 0;
		};
/* End PBXResourcesBuildPhase section */

/* Begin PBXSourcesBuildPhase section */
		6B0FBB93D281CCC7BC5A2819 /* Sources */ = {
			isa = PBXSourcesBuildPhase;
			buildActionMask = 2147483647;
			files = (
				B315DD257B4419DAA731F557 /* ChromeFontScaling.swift in Sources */,
				603E236D1097E6B3B7B3B159 /* ContentView.swift in Sources */,
				D11895787451622F594E0A2E /* DragHandleNSView.swift in Sources */,
				55B40D3A946CA975D0705AB1 /* GalaxyPOCApp.swift in Sources */,
				292F105BBD71D22049B26499 /* GalaxyTerminalView.swift in Sources */,
				2046DFEC3249CA36A7D596FE /* MainMenu.swift in Sources */,
				68C18C951ECA59A28DF7110D /* MainWindowController.swift in Sources */,
				659C5CBFD19B016CD38204D4 /* PreferencesWindowController.swift in Sources */,
				8B72EA39ED013A00DB1BCDD8 /* Session.swift in Sources */,
				A9FD74182C12E200B8CCF7F6 /* SessionDragCoordinator.swift in Sources */,
				21239774CA4778939E3173D4 /* SessionIDGenerator.swift in Sources */,
				ADB1518FC56D3CBB7871F375 /* SessionManager.swift in Sources */,
				A9DC3B126BE6650923ADEC46 /* SessionRow.swift in Sources */,
				B8B4A7BBBA1773D6ACFA5390 /* SessionRowDragHandle.swift in Sources */,
				5E5DFFA81979867CB14EE9B4 /* SessionSidebar.swift in Sources */,
				DC800CD267FF155C7DD4AD19 /* SettingsManager.swift in Sources */,
				63CF9F4484E453AB4FA8435D /* SettingsView.swift in Sources */,
				84957EABE2A6196BA1504DBF /* StatusLineService.swift in Sources */,
				A3844F9D3AF997B73DB014B2 /* StoppedSessionView.swift in Sources */,
				DF11146BB2950E31FC746C90 /* TerminalView.swift in Sources */,
				DDEC76C881950EACABC99C27 /* WatermarkBackground.swift in Sources */,
				21B9F74F775EFC6F5BB9C3B5 /* main.swift in Sources */,
			);
			runOnlyForDeploymentPostprocessing = 0;
		};
/* End PBXSourcesBuildPhase section */

/* Begin XCBuildConfiguration section */
		04A5DD4CD5A08A3F038E1EAA /* Release */ = {
			isa = XCBuildConfiguration;
			buildSettings = {
				ASSETCATALOG_COMPILER_APPICON_NAME = AppIcon;
				COMBINE_HIDPI_IMAGES = YES;
				CURRENT_PROJECT_VERSION = 1;
				INFOPLIST_FILE = GalaxyPOC/Info.plist;
				LD_RUNPATH_SEARCH_PATHS = (
					"$(inherited)",
					"@executable_path/../Frameworks",
				);
				MARKETING_VERSION = 0.1.0;
				PRODUCT_BUNDLE_IDENTIFIER = com.kellyredding.GalaxyPOC;
				SDKROOT = macosx;
				SWIFT_VERSION = 5.10;
			};
			name = Release;
		};
		1E774D42A6B60FF64EC73E83 /* Debug */ = {
			isa = XCBuildConfiguration;
			buildSettings = {
				ASSETCATALOG_COMPILER_APPICON_NAME = AppIcon;
				COMBINE_HIDPI_IMAGES = YES;
				CURRENT_PROJECT_VERSION = 1;
				INFOPLIST_FILE = GalaxyPOC/Info.plist;
				LD_RUNPATH_SEARCH_PATHS = (
					"$(inherited)",
					"@executable_path/../Frameworks",
				);
				MARKETING_VERSION = 0.1.0;
				PRODUCT_BUNDLE_IDENTIFIER = com.kellyredding.GalaxyPOC;
				SDKROOT = macosx;
				SWIFT_VERSION = 5.10;
			};
			name = Debug;
		};
		E43F74E054F65B66A34D6A83 /* Release */ = {
			isa = XCBuildConfiguration;
			buildSettings = {
				ALWAYS_SEARCH_USER_PATHS = NO;
				CLANG_ANALYZER_NONNULL = YES;
				CLANG_ANALYZER_NUMBER_OBJECT_CONVERSION = YES_AGGRESSIVE;
				CLANG_CXX_LANGUAGE_STANDARD = "gnu++14";
				CLANG_CXX_LIBRARY = "libc++";
				CLANG_ENABLE_MODULES = YES;
				CLANG_ENABLE_OBJC_ARC = YES;
				CLANG_ENABLE_OBJC_WEAK = YES;
				CLANG_WARN_BLOCK_CAPTURE_AUTORELEASING = YES;
				CLANG_WARN_BOOL_CONVERSION = YES;
				CLANG_WARN_COMMA = YES;
				CLANG_WARN_CONSTANT_CONVERSION = YES;
				CLANG_WARN_DEPRECATED_OBJC_IMPLEMENTATIONS = YES;
				CLANG_WARN_DIRECT_OBJC_ISA_USAGE = YES_ERROR;
				CLANG_WARN_DOCUMENTATION_COMMENTS = YES;
				CLANG_WARN_EMPTY_BODY = YES;
				CLANG_WARN_ENUM_CONVERSION = YES;
				CLANG_WARN_INFINITE_RECURSION = YES;
				CLANG_WARN_INT_CONVERSION = YES;
				CLANG_WARN_NON_LITERAL_NULL_CONVERSION = YES;
				CLANG_WARN_OBJC_IMPLICIT_RETAIN_SELF = YES;
				CLANG_WARN_OBJC_LITERAL_CONVERSION = YES;
				CLANG_WARN_OBJC_ROOT_CLASS = YES_ERROR;
				CLANG_WARN_QUOTED_INCLUDE_IN_FRAMEWORK_HEADER = YES;
				CLANG_WARN_RANGE_LOOP_ANALYSIS = YES;
				CLANG_WARN_STRICT_PROTOTYPES = YES;
				CLANG_WARN_SUSPICIOUS_MOVE = YES;
				CLANG_WARN_UNGUARDED_AVAILABILITY = YES_AGGRESSIVE;
				CLANG_WARN_UNREACHABLE_CODE = YES;
				CLANG_WARN__DUPLICATE_METHOD_MATCH = YES;
				COPY_PHASE_STRIP = NO;
				DEBUG_INFORMATION_FORMAT = "dwarf-with-dsym";
				ENABLE_NS_ASSERTIONS = NO;
				ENABLE_STRICT_OBJC_MSGSEND = YES;
				GCC_C_LANGUAGE_STANDARD = gnu11;
				GCC_NO_COMMON_BLOCKS = YES;
				GCC_WARN_64_TO_32_BIT_CONVERSION = YES;
				GCC_WARN_ABOUT_RETURN_TYPE = YES_ERROR;
				GCC_WARN_UNDECLARED_SELECTOR = YES;
				GCC_WARN_UNINITIALIZED_AUTOS = YES_AGGRESSIVE;
				GCC_WARN_UNUSED_FUNCTION = YES;
				GCC_WARN_UNUSED_VARIABLE = YES;
				MACOSX_DEPLOYMENT_TARGET = 14.0;
				MTL_ENABLE_DEBUG_INFO = NO;
				MTL_FAST_MATH = YES;
				PRODUCT_NAME = "$(TARGET_NAME)";
				SDKROOT = macosx;
				SWIFT_COMPILATION_MODE = wholemodule;
				SWIFT_OPTIMIZATION_LEVEL = "-O";
				SWIFT_VERSION = 5.0;
			};
			name = Release;
		};
		EF8987CFEE0DBA49C1F9C8A6 /* Debug */ = {
			isa = XCBuildConfiguration;
			buildSettings = {
				ALWAYS_SEARCH_USER_PATHS = NO;
				CLANG_ANALYZER_NONNULL = YES;
				CLANG_ANALYZER_NUMBER_OBJECT_CONVERSION = YES_AGGRESSIVE;
				CLANG_CXX_LANGUAGE_STANDARD = "gnu++14";
				CLANG_CXX_LIBRARY = "libc++";
				CLANG_ENABLE_MODULES = YES;
				CLANG_ENABLE_OBJC_ARC = YES;
				CLANG_ENABLE_OBJC_WEAK = YES;
				CLANG_WARN_BLOCK_CAPTURE_AUTORELEASING = YES;
				CLANG_WARN_BOOL_CONVERSION = YES;
				CLANG_WARN_COMMA = YES;
				CLANG_WARN_CONSTANT_CONVERSION = YES;
				CLANG_WARN_DEPRECATED_OBJC_IMPLEMENTATIONS = YES;
				CLANG_WARN_DIRECT_OBJC_ISA_USAGE = YES_ERROR;
				CLANG_WARN_DOCUMENTATION_COMMENTS = YES;
				CLANG_WARN_EMPTY_BODY = YES;
				CLANG_WARN_ENUM_CONVERSION = YES;
				CLANG_WARN_INFINITE_RECURSION = YES;
				CLANG_WARN_INT_CONVERSION = YES;
				CLANG_WARN_NON_LITERAL_NULL_CONVERSION = YES;
				CLANG_WARN_OBJC_IMPLICIT_RETAIN_SELF = YES;
				CLANG_WARN_OBJC_LITERAL_CONVERSION = YES;
				CLANG_WARN_OBJC_ROOT_CLASS = YES_ERROR;
				CLANG_WARN_QUOTED_INCLUDE_IN_FRAMEWORK_HEADER = YES;
				CLANG_WARN_RANGE_LOOP_ANALYSIS = YES;
				CLANG_WARN_STRICT_PROTOTYPES = YES;
				CLANG_WARN_SUSPICIOUS_MOVE = YES;
				CLANG_WARN_UNGUARDED_AVAILABILITY = YES_AGGRESSIVE;
				CLANG_WARN_UNREACHABLE_CODE = YES;
				CLANG_WARN__DUPLICATE_METHOD_MATCH = YES;
				COPY_PHASE_STRIP = NO;
				DEBUG_INFORMATION_FORMAT = dwarf;
				ENABLE_STRICT_OBJC_MSGSEND = YES;
				ENABLE_TESTABILITY = YES;
				GCC_C_LANGUAGE_STANDARD = gnu11;
				GCC_DYNAMIC_NO_PIC = NO;
				GCC_NO_COMMON_BLOCKS = YES;
				GCC_OPTIMIZATION_LEVEL = 0;
				GCC_PREPROCESSOR_DEFINITIONS = (
					"$(inherited)",
					"DEBUG=1",
				);
				GCC_WARN_64_TO_32_BIT_CONVERSION = YES;
				GCC_WARN_ABOUT_RETURN_TYPE = YES_ERROR;
				GCC_WARN_UNDECLARED_SELECTOR = YES;
				GCC_WARN_UNINITIALIZED_AUTOS = YES_AGGRESSIVE;
				GCC_WARN_UNUSED_FUNCTION = YES;
				GCC_WARN_UNUSED_VARIABLE = YES;
				MACOSX_DEPLOYMENT_TARGET = 14.0;
				MTL_ENABLE_DEBUG_INFO = INCLUDE_SOURCE;
				MTL_FAST_MATH = YES;
				ONLY_ACTIVE_ARCH = YES;
				PRODUCT_NAME = "$(TARGET_NAME)";
				SDKROOT = macosx;
				SWIFT_ACTIVE_COMPILATION_CONDITIONS = DEBUG;
				SWIFT_OPTIMIZATION_LEVEL = "-Onone";
				SWIFT_VERSION = 5.0;
			};
			name = Debug;
		};
/* End XCBuildConfiguration section */

/* Begin XCConfigurationList section */
		3F4EAEC70006427E381FCC44 /* Build configuration list for PBXNativeTarget "GalaxyPOC" */ = {
			isa = XCConfigurationList;
			buildConfigurations = (
				1E774D42A6B60FF64EC73E83 /* Debug */,
				04A5DD4CD5A08A3F038E1EAA /* Release */,
			);
			defaultConfigurationIsVisible = 0;
			defaultConfigurationName = Debug;
		};
		FF8278C0A58F3C5FDB2F8B9B /* Build configuration list for PBXProject "GalaxyPOC" */ = {
			isa = XCConfigurationList;
			buildConfigurations = (
				EF8987CFEE0DBA49C1F9C8A6 /* Debug */,
				E43F74E054F65B66A34D6A83 /* Release */,
			);
			defaultConfigurationIsVisible = 0;
			defaultConfigurationName = Debug;
		};
/* End XCConfigurationList section */

/* Begin XCLocalSwiftPackageReference section */
		41DA32CE608BB847206B92E2 /* XCLocalSwiftPackageReference "Vendor/SwiftTerm" */ = {
			isa = XCLocalSwiftPackageReference;
			relativePath = Vendor/SwiftTerm;
		};
/* End XCLocalSwiftPackageReference section */

/* Begin XCSwiftPackageProductDependency section */
		1073964FCAD353209A999D96 /* SwiftTerm */ = {
			isa = XCSwiftPackageProductDependency;
			productName = SwiftTerm;
		};
/* End XCSwiftPackageProductDependency section */
	};
	rootObject = 7FE3257F6C0F37262393D0A6 /* Project object */;
}
